
Microsoft Visual Studio Solution File, Format Version 12.00
# Visual Studio 2012
Project("{FAE04EC0-301F-11D3-BF4B-00C04F79EFBC}") = "OptitrackJourney", "OptitrackJourney\OptitrackJourney.csproj", "{0A9ED0D4-290C-4D86-9C96-9E2DE92C5967}"
EndProject
Global
	GlobalSection(TeamFoundationVersionControl) = preSolution
		SccNumberOfProjects = 2
		SccEnterpriseProvider = {4CA58AB2-18FA-4F8D-95D4-32DDF27D184C}
		SccTeamFoundationServer = https://mobius.visualstudio.com/defaultcollection
		SccProjectUniqueName0 = OptitrackJourney\\OptitrackJourney.csproj
		SccProjectName0 = OptitrackJourney
		SccLocalPath0 = OptitrackJourney
		SccLocalPath1 = .
	EndGlobalSection
	GlobalSection(SolutionConfigurationPlatforms) = preSolution
		Debug|Any CPU = Debug|Any CPU
		Release|Any CPU = Release|Any CPU
	EndGlobalSection
	GlobalSection(ProjectConfigurationPlatforms) = postSolution
		{0A9ED0D4-290C-4D86-9C96-9E2DE92C5967}.Debug|Any CPU.ActiveCfg = Debug|Any CPU
		{0A9ED0D4-290C-4D86-9C96-9E2DE92C5967}.Debug|Any CPU.Build.0 = Debug|Any CPU
		{0A9ED0D4-290C-4D86-9C96-9E2DE92C5967}.Release|Any CPU.ActiveCfg = Release|Any CPU
		{0A9ED0D4-290C-4D86-9C96-9E2DE92C5967}.Release|Any CPU.Build.0 = Release|Any CPU
	EndGlobalSection
	GlobalSection(SolutionProperties) = preSolution
		HideSolutionNode = FALSE
	EndGlobalSection
EndGlobal
